
Microsoft Visual Studio Solution File, Format Version 12.00
# Visual Studio Version 17
VisualStudioVersion = 17.9.34902.65
MinimumVisualStudioVersion = 10.0.40219.1
Project("{FAE04EC0-301F-11D3-BF4B-00C04F79EFBC}") = "InterfaceExample", "InterfaceExample\InterfaceExample.csproj", "{30C46370-4B8A-43B1-BC60-0D6A54B4723F}"
EndProject
Global
	GlobalSection(SolutionConfigurationPlatforms) = preSolution
		Debug|Any CPU = Debug|Any CPU
		Release|Any CPU = Release|Any CPU
	EndGlobalSection
	GlobalSection(ProjectConfigurationPlatforms) = postSolution
		{30C46370-4B8A-43B1-BC60-0D6A54B4723F}.Debug|Any CPU.ActiveCfg = Debug|Any CPU
		{30C46370-4B8A-43B1-BC60-0D6A54B4723F}.Debug|Any CPU.Build.0 = Debug|Any CPU
		{30C46370-4B8A-43B1-BC60-0D6A54B4723F}.Release|Any CPU.ActiveCfg = Release|Any CPU
		{30C46370-4B8A-43B1-BC60-0D6A54B4723F}.Release|Any CPU.Build.0 = Release|Any CPU
	EndGlobalSection
	GlobalSection(SolutionProperties) = preSolution
		HideSolutionNode = FALSE
	EndGlobalSection
	GlobalSection(ExtensibilityGlobals) = postSolution
		SolutionGuid = {6422DBDA-50C8-4C2C-A9AE-7DC2079244C0}
	EndGlobalSection
EndGlobal
